
Microsoft Visual Studio Solution File, Format Version 12.00
# Visual Studio Version 16
VisualStudioVersion = 16.0.31313.79
MinimumVisualStudioVersion = 10.0.40219.1
Project("{9A19103F-16F7-4668-BE54-9A1E7A4F7556}") = "Lemontea", "Lemontea\Lemontea.csproj", "{D030E8B8-62F4-4760-94A8-ED3953D56A92}"
EndProject
Project("{9A19103F-16F7-4668-BE54-9A1E7A4F7556}") = "Lemontea.Client", "Lemontea.Client\Lemontea.Client.csproj", "{1BD69006-A547-49A1-8ECB-0026DD5246DB}"
EndProject
Project("{00D1A9C2-B5F0-4AF3-8072-F6C62B433612}") = "Lemontea.Database", "Lemontea.Database\Lemontea.Database.sqlproj", "{BFAB47C1-5BB9-4A7B-AA43-BDB0FD2634CB}"
EndProject
Project("{FAE04EC0-301F-11D3-BF4B-00C04F79EFBC}") = "Lemontea.Shared", "Lemontea.Shared\Lemontea.Shared.csproj", "{5A94BD12-AD11-440F-8718-89EACC0BCD55}"
EndProject
Global
	GlobalSection(SolutionConfigurationPlatforms) = preSolution
		Debug|Any CPU = Debug|Any CPU
		Release|Any CPU = Release|Any CPU
	EndGlobalSection
	GlobalSection(ProjectConfigurationPlatforms) = postSolution
		{D030E8B8-62F4-4760-94A8-ED3953D56A92}.Debug|Any CPU.ActiveCfg = Debug|Any CPU
		{D030E8B8-62F4-4760-94A8-ED3953D56A92}.Debug|Any CPU.Build.0 = Debug|Any CPU
		{D030E8B8-62F4-4760-94A8-ED3953D56A92}.Release|Any CPU.ActiveCfg = Release|Any CPU
		{D030E8B8-62F4-4760-94A8-ED3953D56A92}.Release|Any CPU.Build.0 = Release|Any CPU
		{1BD69006-A547-49A1-8ECB-0026DD5246DB}.Debug|Any CPU.ActiveCfg = Debug|Any CPU
		{1BD69006-A547-49A1-8ECB-0026DD5246DB}.Debug|Any CPU.Build.0 = Debug|Any CPU
		{1BD69006-A547-49A1-8ECB-0026DD5246DB}.Release|Any CPU.ActiveCfg = Release|Any CPU
		{1BD69006-A547-49A1-8ECB-0026DD5246DB}.Release|Any CPU.Build.0 = Release|Any CPU
		{BFAB47C1-5BB9-4A7B-AA43-BDB0FD2634CB}.Debug|Any CPU.ActiveCfg = Debug|Any CPU
		{BFAB47C1-5BB9-4A7B-AA43-BDB0FD2634CB}.Debug|Any CPU.Build.0 = Debug|Any CPU
		{BFAB47C1-5BB9-4A7B-AA43-BDB0FD2634CB}.Debug|Any CPU.Deploy.0 = Debug|Any CPU
		{BFAB47C1-5BB9-4A7B-AA43-BDB0FD2634CB}.Release|Any CPU.ActiveCfg = Release|Any CPU
		{BFAB47C1-5BB9-4A7B-AA43-BDB0FD2634CB}.Release|Any CPU.Build.0 = Release|Any CPU
		{BFAB47C1-5BB9-4A7B-AA43-BDB0FD2634CB}.Release|Any CPU.Deploy.0 = Release|Any CPU
		{5A94BD12-AD11-440F-8718-89EACC0BCD55}.Debug|Any CPU.ActiveCfg = Debug|Any CPU
		{5A94BD12-AD11-440F-8718-89EACC0BCD55}.Debug|Any CPU.Build.0 = Debug|Any CPU
		{5A94BD12-AD11-440F-8718-89EACC0BCD55}.Release|Any CPU.ActiveCfg = Release|Any CPU
		{5A94BD12-AD11-440F-8718-89EACC0BCD55}.Release|Any CPU.Build.0 = Release|Any CPU
	EndGlobalSection
	GlobalSection(SolutionProperties) = preSolution
		HideSolutionNode = FALSE
	EndGlobalSection
	GlobalSection(ExtensibilityGlobals) = postSolution
		SolutionGuid = {784A914C-0BD6-4CE0-B783-A36F383CC0CF}
	EndGlobalSection
EndGlobal
